
Microsoft Visual Studio Solution File, Format Version 12.00
# Visual Studio Version 17
VisualStudioVersion = 17.11.35312.102
MinimumVisualStudioVersion = 10.0.40219.1
Project("{FAE04EC0-301F-11D3-BF4B-00C04F79EFBC}") = "testProj1", "testProj1\testProj1.csproj", "{ADE3709E-C663-4E59-8CE9-C63AEF1109AD}"
EndProject
Global
	GlobalSection(SolutionConfigurationPlatforms) = preSolution
		Debug|Any CPU = Debug|Any CPU
		Release|Any CPU = Release|Any CPU
	EndGlobalSection
	GlobalSection(ProjectConfigurationPlatforms) = postSolution
		{ADE3709E-C663-4E59-8CE9-C63AEF1109AD}.Debug|Any CPU.ActiveCfg = Debug|Any CPU
		{ADE3709E-C663-4E59-8CE9-C63AEF1109AD}.Debug|Any CPU.Build.0 = Debug|Any CPU
		{ADE3709E-C663-4E59-8CE9-C63AEF1109AD}.Release|Any CPU.ActiveCfg = Release|Any CPU
		{ADE3709E-C663-4E59-8CE9-C63AEF1109AD}.Release|Any CPU.Build.0 = Release|Any CPU
	EndGlobalSection
	GlobalSection(SolutionProperties) = preSolution
		HideSolutionNode = FALSE
	EndGlobalSection
	GlobalSection(ExtensibilityGlobals) = postSolution
		SolutionGuid = {7EF62F1A-78AA-4AFA-8D80-D50548298FA1}
	EndGlobalSection
EndGlobal
